// !$*UTF8*$!
{
	archiveVersion = 1;
	classes = {
	};
	objectVersion = 50;
	objects = {

/* Begin PBXBuildFile section */
		1CF3A02E223A20F900872928 /* AppDelegate.m in Sources */ = {isa = PBXBuildFile; fileRef = 1CF3A02D223A20F900872928 /* AppDelegate.m */; };
		1CF3A031223A20F900872928 /* PasteboardViewController.m in Sources */ = {isa = PBXBuildFile; fileRef = 1CF3A030223A20F900872928 /* PasteboardViewController.m */; };
		1CF3A034223A20F900872928 /* Main.storyboard in Resources */ = {isa = PBXBuildFile; fileRef = 1CF3A032223A20F900872928 /* Main.storyboard */; };
		1CF3A037223A20F900872928 /* ShareDataExample.xcdatamodeld in Sources */ = {isa = PBXBuildFile; fileRef = 1CF3A035223A20F900872928 /* ShareDataExample.xcdatamodeld */; };
		1CF3A039223A20FD00872928 /* Assets.xcassets in Resources */ = {isa = PBXBuildFile; fileRef = 1CF3A038223A20FD00872928 /* Assets.xcassets */; };
		1CF3A03C223A20FD00872928 /* LaunchScreen.storyboard in Resources */ = {isa = PBXBuildFile; fileRef = 1CF3A03A223A20FD00872928 /* LaunchScreen.storyboard */; };
		1CF3A03F223A20FD00872928 /* main.m in Sources */ = {isa = PBXBuildFile; fileRef = 1CF3A03E223A20FD00872928 /* main.m */; };
		1CF3A047223A4CF600872928 /* ShareDataMainViewController.m in Sources */ = {isa = PBXBuildFile; fileRef = 1CF3A046223A4CF600872928 /* ShareDataMainViewController.m */; };
/* End PBXBuildFile section */

/* Begin PBXFileReference section */
		1CF3A029223A20F900872928 /* ShareDataExample.app */ = {isa = PBXFileReference; explicitFileType = wrapper.application; includeInIndex = 0; path = ShareDataExample.app; sourceTree = BUILT_PRODUCTS_DIR; };
		1CF3A02C223A20F900872928 /* AppDelegate.h */ = {isa = PBXFileReference; lastKnownFileType = sourcecode.c.h; path = AppDelegate.h; sourceTree = "<group>"; };
		1CF3A02D223A20F900872928 /* AppDelegate.m */ = {isa = PBXFileReference; lastKnownFileType = sourcecode.c.objc; path = AppDelegate.m; sourceTree = "<group>"; };
		1CF3A02F223A20F900872928 /* PasteboardViewController.h */ = {isa = PBXFileReference; lastKnownFileType = sourcecode.c.h; path = PasteboardViewController.h; sourceTree = "<group>"; };
		1CF3A030223A20F900872928 /* PasteboardViewController.m */ = {isa = PBXFileReference; lastKnownFileType = sourcecode.c.objc; path = PasteboardViewController.m; sourceTree = "<group>"; };
		1CF3A033223A20F900872928 /* Base */ = {isa = PBXFileReference; lastKnownFileType = file.storyboard; name = Base; path = Base.lproj/Main.storyboard; sourceTree = "<group>"; };
		1CF3A036223A20F900872928 /* ShareDataExample.xcdatamodel */ = {isa = PBXFileReference; lastKnownFileType = wrapper.xcdatamodel; path = ShareDataExample.xcdatamodel; sourceTree = "<group>"; };
		1CF3A038223A20FD00872928 /* Assets.xcassets */ = {isa = PBXFileReference; lastKnownFileType = folder.assetcatalog; path = Assets.xcassets; sourceTree = "<group>"; };
		1CF3A03B223A20FD00872928 /* Base */ = {isa = PBXFileReference; lastKnownFileType = file.storyboard; name = Base; path = Base.lproj/LaunchScreen.storyboard; sourceTree = "<group>"; };
		1CF3A03D223A20FD00872928 /* Info.plist */ = {isa = PBXFileReference; lastKnownFileType = text.plist.xml; path = Info.plist; sourceTree = "<group>"; };
		1CF3A03E223A20FD00872928 /* main.m */ = {isa = PBXFileReference; lastKnownFileType = sourcecode.c.objc; path = main.m; sourceTree = "<group>"; };
		1CF3A045223A4CF600872928 /* ShareDataMainViewController.h */ = {isa = PBXFileReference; lastKnownFileType = sourcecode.c.h; path = ShareDataMainViewController.h; sourceTree = "<group>"; };
		1CF3A046223A4CF600872928 /* ShareDataMainViewController.m */ = {isa = PBXFileReference; lastKnownFileType = sourcecode.c.objc; path = ShareDataMainViewController.m; sourceTree = "<group>"; };
/* End PBXFileReference section */

/* Begin PBXFrameworksBuildPhase section */
		1CF3A026223A20F900872928 /* Frameworks */ = {
			isa = PBXFrameworksBuildPhase;
			buildActionMask = 2147483647;
			files = (
			);
			runOnlyForDeploymentPostprocessing = 0;
		};
/* End PBXFrameworksBuildPhase section */

/* Begin PBXGroup section */
		1CF3A020223A20F900872928 = {
			isa = PBXGroup;
			children = (
				1CF3A02B223A20F900872928 /* ShareDataExample */,
				1CF3A02A223A20F900872928 /* Products */,
			);
			sourceTree = "<group>";
		};
		1CF3A02A223A20F900872928 /* Products */ = {
			isa = PBXGroup;
			children = (
				1CF3A029223A20F900872928 /* ShareDataExample.app */,
			);
			name = Products;
			sourceTree = "<group>";
		};
		1CF3A02B223A20F900872928 /* ShareDataExample */ = {
			isa = PBXGroup;
			children = (
				1CF3A02C223A20F900872928 /* AppDelegate.h */,
				1CF3A02D223A20F900872928 /* AppDelegate.m */,
				1CF3A045223A4CF600872928 /* ShareDataMainViewController.h */,
				1CF3A046223A4CF600872928 /* ShareDataMainViewController.m */,
				1CF3A02F223A20F900872928 /* PasteboardViewController.h */,
				1CF3A030223A20F900872928 /* PasteboardViewController.m */,
				1CF3A032223A20F900872928 /* Main.storyboard */,
				1CF3A038223A20FD00872928 /* Assets.xcassets */,
				1CF3A03A223A20FD00872928 /* LaunchScreen.storyboard */,
				1CF3A03D223A20FD00872928 /* Info.plist */,
				1CF3A03E223A20FD00872928 /* main.m */,
				1CF3A035223A20F900872928 /* ShareDataExample.xcdatamodeld */,
			);
			path = ShareDataExample;
			sourceTree = "<group>";
		};
/* End PBXGroup section */

/* Begin PBXNativeTarget section */
		1CF3A028223A20F900872928 /* ShareDataExample */ = {
			isa = PBXNativeTarget;
			buildConfigurationList = 1CF3A042223A20FD00872928 /* Build configuration list for PBXNativeTarget "ShareDataExample" */;
			buildPhases = (
				1CF3A025223A20F900872928 /* Sources */,
				1CF3A026223A20F900872928 /* Frameworks */,
				1CF3A027223A20F900872928 /* Resources */,
			);
			buildRules = (
			);
			dependencies = (
			);
			name = ShareDataExample;
			productName = ShareDataExample;
			productReference = 1CF3A029223A20F900872928 /* ShareDataExample.app */;
			productType = "com.apple.product-type.application";
		};
/* End PBXNativeTarget section */

/* Begin PBXProject section */
		1CF3A021223A20F900872928 /* Project object */ = {
			isa = PBXProject;
			attributes = {
				LastUpgradeCheck = 1010;
				ORGANIZATIONNAME = iOS;
				TargetAttributes = {
					1CF3A028223A20F900872928 = {
						CreatedOnToolsVersion = 10.1;
					};
				};
			};
			buildConfigurationList = 1CF3A024223A20F900872928 /* Build configuration list for PBXProject "ShareDataExample" */;
			compatibilityVersion = "Xcode 9.3";
			developmentRegion = en;
			hasScannedForEncodings = 0;
			knownRegions = (
				en,
				Base,
			);
			mainGroup = 1CF3A020223A20F900872928;
			productRefGroup = 1CF3A02A223A20F900872928 /* Products */;
			projectDirPath = "";
			projectRoot = "";
			targets = (
				1CF3A028223A20F900872928 /* ShareDataExample */,
			);
		};
/* End PBXProject section */

/* Begin PBXResourcesBuildPhase section */
		1CF3A027223A20F900872928 /* Resources */ = {
			isa = PBXResourcesBuildPhase;
			buildActionMask = 2147483647;
			files = (
				1CF3A03C223A20FD00872928 /* LaunchScreen.storyboard in Resources */,
				1CF3A039223A20FD00872928 /* Assets.xcassets in Resources */,
				1CF3A034223A20F900872928 /* Main.storyboard in Resources */,
			);
			runOnlyForDeploymentPostprocessing = 0;
		};
/* End PBXResourcesBuildPhase section */

/* Begin PBXSourcesBuildPhase section */
		1CF3A025223A20F900872928 /* Sources */ = {
			isa = PBXSourcesBuildPhase;
			buildActionMask = 2147483647;
			files = (
				1CF3A047223A4CF600872928 /* ShareDataMainViewController.m in Sources */,
				1CF3A031223A20F900872928 /* PasteboardViewController.m in Sources */,
				1CF3A037223A20F900872928 /* ShareDataExample.xcdatamodeld in Sources */,
				1CF3A03F223A20FD00872928 /* main.m in Sources */,
				1CF3A02E223A20F900872928 /* AppDelegate.m in Sources */,
			);
			runOnlyForDeploymentPostprocessing = 0;
		};
/* End PBXSourcesBuildPhase section */

/* Begin PBXVariantGroup section */
		1CF3A032223A20F900872928 /* Main.storyboard */ = {
			isa = PBXVariantGroup;
			children = (
				1CF3A033223A20F900872928 /* Base */,
			);
			name = Main.storyboard;
			sourceTree = "<group>";
		};
		1CF3A03A223A20FD00872928 /* LaunchScreen.storyboard */ = {
			isa = PBXVariantGroup;
			children = (
				1CF3A03B223A20FD00872928 /* Base */,
			);
			name = LaunchScreen.storyboard;
			sourceTree = "<group>";
		};
/* End PBXVariantGroup section */

/* Begin XCBuildConfiguration section */
		1CF3A040223A20FD00872928 /* Debug */ = {
			isa = XCBuildConfiguration;
			buildSettings = {
				ALWAYS_SEARCH_USER_PATHS = NO;
				CLANG_ANALYZER_NONNULL = YES;
				CLANG_ANALYZER_NUMBER_OBJECT_CONVERSION = YES_AGGRESSIVE;
				CLANG_CXX_LANGUAGE_STANDARD = "gnu++14";
				CLANG_CXX_LIBRARY = "libc++";
				CLANG_ENABLE_MODULES = YES;
				CLANG_ENABLE_OBJC_ARC = YES;
				CLANG_ENABLE_OBJC_WEAK = YES;
				CLANG_WARN_BLOCK_CAPTURE_AUTORELEASING = YES;
				CLANG_WARN_BOOL_CONVERSION = YES;
				CLANG_WARN_COMMA = YES;
				CLANG_WARN_CONSTANT_CONVERSION = YES;
				CLANG_WARN_DEPRECATED_OBJC_IMPLEMENTATIONS = YES;
				CLANG_WARN_DIRECT_OBJC_ISA_USAGE = YES_ERROR;
				CLANG_WARN_DOCUMENTATION_COMMENTS = YES;
				CLANG_WARN_EMPTY_BODY = YES;
				CLANG_WARN_ENUM_CONVERSION = YES;
				CLANG_WARN_INFINITE_RECURSION = YES;
				CLANG_WARN_INT_CONVERSION = YES;
				CLANG_WARN_NON_LITERAL_NULL_CONVERSION = YES;
				CLANG_WARN_OBJC_IMPLICIT_RETAIN_SELF = YES;
				CLANG_WARN_OBJC_LITERAL_CONVERSION = YES;
				CLANG_WARN_OBJC_ROOT_CLASS = YES_ERROR;
				CLANG_WARN_RANGE_LOOP_ANALYSIS = YES;
				CLANG_WARN_STRICT_PROTOTYPES = YES;
				CLANG_WARN_SUSPICIOUS_MOVE = YES;
				CLANG_WARN_UNGUARDED_AVAILABILITY = YES_AGGRESSIVE;
				CLANG_WARN_UNREACHABLE_CODE = YES;
				CLANG_WARN__DUPLICATE_METHOD_MATCH = YES;
				CODE_SIGN_IDENTITY = "iPhone Developer";
				COPY_PHASE_STRIP = NO;
				DEBUG_INFORMATION_FORMAT = dwarf;
				ENABLE_STRICT_OBJC_MSGSEND = YES;
				ENABLE_TESTABILITY = YES;
				GCC_C_LANGUAGE_STANDARD = gnu11;
				GCC_DYNAMIC_NO_PIC = NO;
				GCC_NO_COMMON_BLOCKS = YES;
				GCC_OPTIMIZATION_LEVEL = 0;
				GCC_PREPROCESSOR_DEFINITIONS = (
					"DEBUG=1",
					"$(inherited)",
				);
				GCC_WARN_64_TO_32_BIT_CONVERSION = YES;
				GCC_WARN_ABOUT_RETURN_TYPE = YES_ERROR;
				GCC_WARN_UNDECLARED_SELECTOR = YES;
				GCC_WARN_UNINITIALIZED_AUTOS = YES_AGGRESSIVE;
				GCC_WARN_UNUSED_FUNCTION = YES;
				GCC_WARN_UNUSED_VARIABLE = YES;
				IPHONEOS_DEPLOYMENT_TARGET = 12.1;
				MTL_ENABLE_DEBUG_INFO = INCLUDE_SOURCE;
				MTL_FAST_MATH = YES;
				ONLY_ACTIVE_ARCH = YES;
				SDKROOT = iphoneos;
			};
			name = Debug;
		};
		1CF3A041223A20FD00872928 /* Release */ = {
			isa = XCBuildConfiguration;
			buildSettings = {
				ALWAYS_SEARCH_USER_PATHS = NO;
				CLANG_ANALYZER_NONNULL = YES;
				CLANG_ANALYZER_NUMBER_OBJECT_CONVERSION = YES_AGGRESSIVE;
				CLANG_CXX_LANGUAGE_STANDARD = "gnu++14";
				CLANG_CXX_LIBRARY = "libc++";
				CLANG_ENABLE_MODULES = YES;
				CLANG_ENABLE_OBJC_ARC = YES;
				CLANG_ENABLE_OBJC_WEAK = YES;
				CLANG_WARN_BLOCK_CAPTURE_AUTORELEASING = YES;
				CLANG_WARN_BOOL_CONVERSION = YES;
				CLANG_WARN_COMMA = YES;
				CLANG_WARN_CONSTANT_CONVERSION = YES;
				CLANG_WARN_DEPRECATED_OBJC_IMPLEMENTATIONS = YES;
				CLANG_WARN_DIRECT_OBJC_ISA_USAGE = YES_ERROR;
				CLANG_WARN_DOCUMENTATION_COMMENTS = YES;
				CLANG_WARN_EMPTY_BODY = YES;
				CLANG_WARN_ENUM_CONVERSION = YES;
				CLANG_WARN_INFINITE_RECURSION = YES;
				CLANG_WARN_INT_CONVERSION = YES;
				CLANG_WARN_NON_LITERAL_NULL_CONVERSION = YES;
				CLANG_WARN_OBJC_IMPLICIT_RETAIN_SELF = YES;
				CLANG_WARN_OBJC_LITERAL_CONVERSION = YES;
				CLANG_WARN_OBJC_ROOT_CLASS = YES_ERROR;
				CLANG_WARN_RANGE_LOOP_ANALYSIS = YES;
				CLANG_WARN_STRICT_PROTOTYPES = YES;
				CLANG_WARN_SUSPICIOUS_MOVE = YES;
				CLANG_WARN_UNGUARDED_AVAILABILITY = YES_AGGRESSIVE;
				CLANG_WARN_UNREACHABLE_CODE = YES;
				CLANG_WARN__DUPLICATE_METHOD_MATCH = YES;
				CODE_SIGN_IDENTITY = "iPhone Developer";
				COPY_PHASE_STRIP = NO;
				DEBUG_INFORMATION_FORMAT = "dwarf-with-dsym";
				ENABLE_NS_ASSERTIONS = NO;
				ENABLE_STRICT_OBJC_MSGSEND = YES;
				GCC_C_LANGUAGE_STANDARD = gnu11;
				GCC_NO_COMMON_BLOCKS = YES;
				GCC_WARN_64_TO_32_BIT_CONVERSION = YES;
				GCC_WARN_ABOUT_RETURN_TYPE = YES_ERROR;
				GCC_WARN_UNDECLARED_SELECTOR = YES;
				GCC_WARN_UNINITIALIZED_AUTOS = YES_AGGRESSIVE;
				GCC_WARN_UNUSED_FUNCTION = YES;
				GCC_WARN_UNUSED_VARIABLE = YES;
				IPHONEOS_DEPLOYMENT_TARGET = 12.1;
				MTL_ENABLE_DEBUG_INFO = NO;
				MTL_FAST_MATH = YES;
				SDKROOT = iphoneos;
				VALIDATE_PRODUCT = YES;
			};
			name = Release;
		};
		1CF3A043223A20FD00872928 /* Debug */ = {
			isa = XCBuildConfiguration;
			buildSettings = {
				ASSETCATALOG_COMPILER_APPICON_NAME = AppIcon;
				CODE_SIGN_STYLE = Automatic;
				DEVELOPMENT_TEAM = 9TR8XAZ6W8;
				INFOPLIST_FILE = ShareDataExample/Info.plist;
				LD_RUNPATH_SEARCH_PATHS = (
					"$(inherited)",
					"@executable_path/Frameworks",
				);
				PRODUCT_BUNDLE_IDENTIFIER = iOS.ShareDataExample;
				PRODUCT_NAME = "$(TARGET_NAME)";
				TARGETED_DEVICE_FAMILY = "1,2";
			};
			name = Debug;
		};
		1CF3A044223A20FD00872928 /* Release */ = {
			isa = XCBuildConfiguration;
			buildSettings = {
				ASSETCATALOG_COMPILER_APPICON_NAME = AppIcon;
				CODE_SIGN_STYLE = Automatic;
				DEVELOPMENT_TEAM = 9TR8XAZ6W8;
				INFOPLIST_FILE = ShareDataExample/Info.plist;
				LD_RUNPATH_SEARCH_PATHS = (
					"$(inherited)",
					"@executable_path/Frameworks",
				);
				PRODUCT_BUNDLE_IDENTIFIER = iOS.ShareDataExample;
				PRODUCT_NAME = "$(TARGET_NAME)";
				TARGETED_DEVICE_FAMILY = "1,2";
			};
			name = Release;
		};
/* End XCBuildConfiguration section */

/* Begin XCConfigurationList section */
		1CF3A024223A20F900872928 /* Build configuration list for PBXProject "ShareDataExample" */ = {
			isa = XCConfigurationList;
			buildConfigurations = (
				1CF3A040223A20FD00872928 /* Debug */,
				1CF3A041223A20FD00872928 /* Release */,
			);
			defaultConfigurationIsVisible = 0;
			defaultConfigurationName = Release;
		};
		1CF3A042223A20FD00872928 /* Build configuration list for PBXNativeTarget "ShareDataExample" */ = {
			isa = XCConfigurationList;
			buildConfigurations = (
				1CF3A043223A20FD00872928 /* Debug */,
				1CF3A044223A20FD00872928 /* Release */,
			);
			defaultConfigurationIsVisible = 0;
			defaultConfigurationName = Release;
		};
/* End XCConfigurationList section */

/* Begin XCVersionGroup section */
		1CF3A035223A20F900872928 /* ShareDataExample.xcdatamodeld */ = {
			isa = XCVersionGroup;
			children = (
				1CF3A036223A20F900872928 /* ShareDataExample.xcdatamodel */,
			);
			currentVersion = 1CF3A036223A20F900872928 /* ShareDataExample.xcdatamodel */;
			path = ShareDataExample.xcdatamodeld;
			sourceTree = "<group>";
			versionGroupType = wrapper.xcdatamodel;
		};
/* End XCVersionGroup section */
	};
	rootObject = 1CF3A021223A20F900872928 /* Project object */;
}
